// !$*UTF8*$!
{
	archiveVersion = 1;
	classes = {
	};
	objectVersion = 56;
	objects = {

/* Begin PBXBuildFile section */
		646EEAD42AE125E700E011B9 /* UberSwiftUITutorialApp.swift in Sources */ = {isa = PBXBuildFile; fileRef = 646EEAD32AE125E700E011B9 /* UberSwiftUITutorialApp.swift */; };
		646EEAD82AE125ED00E011B9 /* Assets.xcassets in Resources */ = {isa = PBXBuildFile; fileRef = 646EEAD72AE125ED00E011B9 /* Assets.xcassets */; };
		646EEADB2AE125ED00E011B9 /* Preview Assets.xcassets in Resources */ = {isa = PBXBuildFile; fileRef = 646EEADA2AE125ED00E011B9 /* Preview Assets.xcassets */; };
		646EEAEA2AE1270200E011B9 /* HomeVIew.swift in Sources */ = {isa = PBXBuildFile; fileRef = 646EEAE92AE1270200E011B9 /* HomeVIew.swift */; };
		646EEAEC2AE260EF00E011B9 /* UberMapViewRepresentable.swift in Sources */ = {isa = PBXBuildFile; fileRef = 646EEAEB2AE260EF00E011B9 /* UberMapViewRepresentable.swift */; };
		646EEAEE2AE263AB00E011B9 /* LocationManager.swift in Sources */ = {isa = PBXBuildFile; fileRef = 646EEAED2AE263AB00E011B9 /* LocationManager.swift */; };
		64B791342AE3F32200D7D1EC /* MapViewActionButton.swift in Sources */ = {isa = PBXBuildFile; fileRef = 64B791332AE3F32200D7D1EC /* MapViewActionButton.swift */; };
		64B791372AE3F38400D7D1EC /* LocationSearchActivationView.swift in Sources */ = {isa = PBXBuildFile; fileRef = 64B791362AE3F38400D7D1EC /* LocationSearchActivationView.swift */; };
		64B791392AE3F3A900D7D1EC /* LocationSearchResultCell.swift in Sources */ = {isa = PBXBuildFile; fileRef = 64B791382AE3F3A900D7D1EC /* LocationSearchResultCell.swift */; };
		64B7913B2AE3F3BB00D7D1EC /* LocationSearchView.swift in Sources */ = {isa = PBXBuildFile; fileRef = 64B7913A2AE3F3BB00D7D1EC /* LocationSearchView.swift */; };
/* End PBXBuildFile section */

/* Begin PBXFileReference section */
		646EEAD02AE125E700E011B9 /* UberSwiftUITutorial.app */ = {isa = PBXFileReference; explicitFileType = wrapper.application; includeInIndex = 0; path = UberSwiftUITutorial.app; sourceTree = BUILT_PRODUCTS_DIR; };
		646EEAD32AE125E700E011B9 /* UberSwiftUITutorialApp.swift */ = {isa = PBXFileReference; lastKnownFileType = sourcecode.swift; path = UberSwiftUITutorialApp.swift; sourceTree = "<group>"; };
		646EEAD72AE125ED00E011B9 /* Assets.xcassets */ = {isa = PBXFileReference; lastKnownFileType = folder.assetcatalog; path = Assets.xcassets; sourceTree = "<group>"; };
		646EEADA2AE125ED00E011B9 /* Preview Assets.xcassets */ = {isa = PBXFileReference; lastKnownFileType = folder.assetcatalog; path = "Preview Assets.xcassets"; sourceTree = "<group>"; };
		646EEAE92AE1270200E011B9 /* HomeVIew.swift */ = {isa = PBXFileReference; lastKnownFileType = sourcecode.swift; path = HomeVIew.swift; sourceTree = "<group>"; };
		646EEAEB2AE260EF00E011B9 /* UberMapViewRepresentable.swift */ = {isa = PBXFileReference; lastKnownFileType = sourcecode.swift; path = UberMapViewRepresentable.swift; sourceTree = "<group>"; };
		646EEAED2AE263AB00E011B9 /* LocationManager.swift */ = {isa = PBXFileReference; lastKnownFileType = sourcecode.swift; path = LocationManager.swift; sourceTree = "<group>"; };
		64B791332AE3F32200D7D1EC /* MapViewActionButton.swift */ = {isa = PBXFileReference; lastKnownFileType = sourcecode.swift; path = MapViewActionButton.swift; sourceTree = "<group>"; };
		64B791362AE3F38400D7D1EC /* LocationSearchActivationView.swift */ = {isa = PBXFileReference; lastKnownFileType = sourcecode.swift; path = LocationSearchActivationView.swift; sourceTree = "<group>"; };
		64B791382AE3F3A900D7D1EC /* LocationSearchResultCell.swift */ = {isa = PBXFileReference; lastKnownFileType = sourcecode.swift; path = LocationSearchResultCell.swift; sourceTree = "<group>"; };
		64B7913A2AE3F3BB00D7D1EC /* LocationSearchView.swift */ = {isa = PBXFileReference; lastKnownFileType = sourcecode.swift; path = LocationSearchView.swift; sourceTree = "<group>"; };
/* End PBXFileReference section */

/* Begin PBXFrameworksBuildPhase section */
		646EEACD2AE125E700E011B9 /* Frameworks */ = {
			isa = PBXFrameworksBuildPhase;
			buildActionMask = 2147483647;
			files = (
			);
			runOnlyForDeploymentPostprocessing = 0;
		};
/* End PBXFrameworksBuildPhase section */

/* Begin PBXGroup section */
		646EEAC72AE125E700E011B9 = {
			isa = PBXGroup;
			children = (
				646EEAD22AE125E700E011B9 /* UberSwiftUITutorial */,
				646EEAD12AE125E700E011B9 /* Products */,
			);
			sourceTree = "<group>";
		};
		646EEAD12AE125E700E011B9 /* Products */ = {
			isa = PBXGroup;
			children = (
				646EEAD02AE125E700E011B9 /* UberSwiftUITutorial.app */,
			);
			name = Products;
			sourceTree = "<group>";
		};
		646EEAD22AE125E700E011B9 /* UberSwiftUITutorial */ = {
			isa = PBXGroup;
			children = (
				646EEAE32AE1266200E011B9 /* App */,
				646EEAE22AE1266100E011B9 /* Core */,
				646EEAE62AE126AE00E011B9 /* Models */,
				646EEAE52AE1269400E011B9 /* Managers */,
				646EEAE12AE1265C00E011B9 /* Extentions */,
				646EEAD72AE125ED00E011B9 /* Assets.xcassets */,
				646EEAD92AE125ED00E011B9 /* Preview Content */,
			);
			path = UberSwiftUITutorial;
			sourceTree = "<group>";
		};
		646EEAD92AE125ED00E011B9 /* Preview Content */ = {
			isa = PBXGroup;
			children = (
				646EEADA2AE125ED00E011B9 /* Preview Assets.xcassets */,
			);
			path = "Preview Content";
			sourceTree = "<group>";
		};
		646EEAE12AE1265C00E011B9 /* Extentions */ = {
			isa = PBXGroup;
			children = (
			);
			path = Extentions;
			sourceTree = "<group>";
		};
		646EEAE22AE1266100E011B9 /* Core */ = {
			isa = PBXGroup;
			children = (
				64B791352AE3F34100D7D1EC /* LocationSearch */,
				646EEAE82AE126E500E011B9 /* Home */,
				646EEAE72AE126C700E011B9 /* ViewModel */,
			);
			path = Core;
			sourceTree = "<group>";
		};
		646EEAE32AE1266200E011B9 /* App */ = {
			isa = PBXGroup;
			children = (
				646EEAD32AE125E700E011B9 /* UberSwiftUITutorialApp.swift */,
			);
			path = App;
			sourceTree = "<group>";
		};
		646EEAE52AE1269400E011B9 /* Managers */ = {
			isa = PBXGroup;
			children = (
				646EEAED2AE263AB00E011B9 /* LocationManager.swift */,
			);
			path = Managers;
			sourceTree = "<group>";
		};
		646EEAE62AE126AE00E011B9 /* Models */ = {
			isa = PBXGroup;
			children = (
			);
			path = Models;
			sourceTree = "<group>";
		};
		646EEAE72AE126C700E011B9 /* ViewModel */ = {
			isa = PBXGroup;
			children = (
			);
			path = ViewModel;
			sourceTree = "<group>";
		};
		646EEAE82AE126E500E011B9 /* Home */ = {
			isa = PBXGroup;
			children = (
				64B7913F2AE3F69500D7D1EC /* ViewModle */,
				64B7913E2AE3F4A800D7D1EC /* View */,
			);
			path = Home;
			sourceTree = "<group>";
		};
		64B791352AE3F34100D7D1EC /* LocationSearch */ = {
			isa = PBXGroup;
			children = (
				64B7913D2AE3F49300D7D1EC /* ViewModel */,
				64B7913C2AE3F48C00D7D1EC /* View */,
			);
			path = LocationSearch;
			sourceTree = "<group>";
		};
		64B7913C2AE3F48C00D7D1EC /* View */ = {
			isa = PBXGroup;
			children = (
				64B791362AE3F38400D7D1EC /* LocationSearchActivationView.swift */,
				64B791382AE3F3A900D7D1EC /* LocationSearchResultCell.swift */,
				64B7913A2AE3F3BB00D7D1EC /* LocationSearchView.swift */,
			);
			path = View;
			sourceTree = "<group>";
		};
		64B7913D2AE3F49300D7D1EC /* ViewModel */ = {
			isa = PBXGroup;
			children = (
			);
			path = ViewModel;
			sourceTree = "<group>";
		};
		64B7913E2AE3F4A800D7D1EC /* View */ = {
			isa = PBXGroup;
			children = (
				646EEAE92AE1270200E011B9 /* HomeVIew.swift */,
				646EEAEB2AE260EF00E011B9 /* UberMapViewRepresentable.swift */,
				64B791332AE3F32200D7D1EC /* MapViewActionButton.swift */,
			);
			path = View;
			sourceTree = "<group>";
		};
		64B7913F2AE3F69500D7D1EC /* ViewModle */ = {
			isa = PBXGroup;
			children = (
			);
			path = ViewModle;
			sourceTree = "<group>";
		};
/* End PBXGroup section */

/* Begin PBXNativeTarget section */
		646EEACF2AE125E700E011B9 /* UberSwiftUITutorial */ = {
			isa = PBXNativeTarget;
			buildConfigurationList = 646EEADE2AE125ED00E011B9 /* Build configuration list for PBXNativeTarget "UberSwiftUITutorial" */;
			buildPhases = (
				646EEACC2AE125E700E011B9 /* Sources */,
				646EEACD2AE125E700E011B9 /* Frameworks */,
				646EEACE2AE125E700E011B9 /* Resources */,
			);
			buildRules = (
			);
			dependencies = (
			);
			name = UberSwiftUITutorial;
			productName = UberSwiftUITutorial;
			productReference = 646EEAD02AE125E700E011B9 /* UberSwiftUITutorial.app */;
			productType = "com.apple.product-type.application";
		};
/* End PBXNativeTarget section */

/* Begin PBXProject section */
		646EEAC82AE125E700E011B9 /* Project object */ = {
			isa = PBXProject;
			attributes = {
				BuildIndependentTargetsInParallel = 1;
				LastSwiftUpdateCheck = 1500;
				LastUpgradeCheck = 1500;
				TargetAttributes = {
					646EEACF2AE125E700E011B9 = {
						CreatedOnToolsVersion = 15.0;
					};
				};
			};
			buildConfigurationList = 646EEACB2AE125E700E011B9 /* Build configuration list for PBXProject "UberSwiftUITutorial" */;
			compatibilityVersion = "Xcode 14.0";
			developmentRegion = en;
			hasScannedForEncodings = 0;
			knownRegions = (
				en,
				Base,
			);
			mainGroup = 646EEAC72AE125E700E011B9;
			productRefGroup = 646EEAD12AE125E700E011B9 /* Products */;
			projectDirPath = "";
			projectRoot = "";
			targets = (
				646EEACF2AE125E700E011B9 /* UberSwiftUITutorial */,
			);
		};
/* End PBXProject section */

/* Begin PBXResourcesBuildPhase section */
		646EEACE2AE125E700E011B9 /* Resources */ = {
			isa = PBXResourcesBuildPhase;
			buildActionMask = 2147483647;
			files = (
				646EEADB2AE125ED00E011B9 /* Preview Assets.xcassets in Resources */,
				646EEAD82AE125ED00E011B9 /* Assets.xcassets in Resources */,
			);
			runOnlyForDeploymentPostprocessing = 0;
		};
/* End PBXResourcesBuildPhase section */

/* Begin PBXSourcesBuildPhase section */
		646EEACC2AE125E700E011B9 /* Sources */ = {
			isa = PBXSourcesBuildPhase;
			buildActionMask = 2147483647;
			files = (
				646EEAEC2AE260EF00E011B9 /* UberMapViewRepresentable.swift in Sources */,
				646EEAEE2AE263AB00E011B9 /* LocationManager.swift in Sources */,
				64B791392AE3F3A900D7D1EC /* LocationSearchResultCell.swift in Sources */,
				646EEAEA2AE1270200E011B9 /* HomeVIew.swift in Sources */,
				64B791342AE3F32200D7D1EC /* MapViewActionButton.swift in Sources */,
				64B7913B2AE3F3BB00D7D1EC /* LocationSearchView.swift in Sources */,
				646EEAD42AE125E700E011B9 /* UberSwiftUITutorialApp.swift in Sources */,
				64B791372AE3F38400D7D1EC /* LocationSearchActivationView.swift in Sources */,
			);
			runOnlyForDeploymentPostprocessing = 0;
		};
/* End PBXSourcesBuildPhase section */

/* Begin XCBuildConfiguration section */
		646EEADC2AE125ED00E011B9 /* Debug */ = {
			isa = XCBuildConfiguration;
			buildSettings = {
				ALWAYS_SEARCH_USER_PATHS = NO;
				ASSETCATALOG_COMPILER_GENERATE_SWIFT_ASSET_SYMBOL_EXTENSIONS = YES;
				CLANG_ANALYZER_NONNULL = YES;
				CLANG_ANALYZER_NUMBER_OBJECT_CONVERSION = YES_AGGRESSIVE;
				CLANG_CXX_LANGUAGE_STANDARD = "gnu++20";
				CLANG_ENABLE_MODULES = YES;
				CLANG_ENABLE_OBJC_ARC = YES;
				CLANG_ENABLE_OBJC_WEAK = YES;
				CLANG_WARN_BLOCK_CAPTURE_AUTORELEASING = YES;
				CLANG_WARN_BOOL_CONVERSION = YES;
				CLANG_WARN_COMMA = YES;
				CLANG_WARN_CONSTANT_CONVERSION = YES;
				CLANG_WARN_DEPRECATED_OBJC_IMPLEMENTATIONS = YES;
				CLANG_WARN_DIRECT_OBJC_ISA_USAGE = YES_ERROR;
				CLANG_WARN_DOCUMENTATION_COMMENTS = YES;
				CLANG_WARN_EMPTY_BODY = YES;
				CLANG_WARN_ENUM_CONVERSION = YES;
				CLANG_WARN_INFINITE_RECURSION = YES;
				CLANG_WARN_INT_CONVERSION = YES;
				CLANG_WARN_NON_LITERAL_NULL_CONVERSION = YES;
				CLANG_WARN_OBJC_IMPLICIT_RETAIN_SELF = YES;
				CLANG_WARN_OBJC_LITERAL_CONVERSION = YES;
				CLANG_WARN_OBJC_ROOT_CLASS = YES_ERROR;
				CLANG_WARN_QUOTED_INCLUDE_IN_FRAMEWORK_HEADER = YES;
				CLANG_WARN_RANGE_LOOP_ANALYSIS = YES;
				CLANG_WARN_STRICT_PROTOTYPES = YES;
				CLANG_WARN_SUSPICIOUS_MOVE = YES;
				CLANG_WARN_UNGUARDED_AVAILABILITY = YES_AGGRESSIVE;
				CLANG_WARN_UNREACHABLE_CODE = YES;
				CLANG_WARN__DUPLICATE_METHOD_MATCH = YES;
				COPY_PHASE_STRIP = NO;
				DEBUG_INFORMATION_FORMAT = dwarf;
				ENABLE_STRICT_OBJC_MSGSEND = YES;
				ENABLE_TESTABILITY = YES;
				ENABLE_USER_SCRIPT_SANDBOXING = YES;
				GCC_C_LANGUAGE_STANDARD = gnu17;
				GCC_DYNAMIC_NO_PIC = NO;
				GCC_NO_COMMON_BLOCKS = YES;
				GCC_OPTIMIZATION_LEVEL = 0;
				GCC_PREPROCESSOR_DEFINITIONS = (
					"DEBUG=1",
					"$(inherited)",
				);
				GCC_WARN_64_TO_32_BIT_CONVERSION = YES;
				GCC_WARN_ABOUT_RETURN_TYPE = YES_ERROR;
				GCC_WARN_UNDECLARED_SELECTOR = YES;
				GCC_WARN_UNINITIALIZED_AUTOS = YES_AGGRESSIVE;
				GCC_WARN_UNUSED_FUNCTION = YES;
				GCC_WARN_UNUSED_VARIABLE = YES;
				IPHONEOS_DEPLOYMENT_TARGET = 17.0;
				LOCALIZATION_PREFERS_STRING_CATALOGS = YES;
				MTL_ENABLE_DEBUG_INFO = INCLUDE_SOURCE;
				MTL_FAST_MATH = YES;
				ONLY_ACTIVE_ARCH = YES;
				SDKROOT = iphoneos;
				SWIFT_ACTIVE_COMPILATION_CONDITIONS = "DEBUG $(inherited)";
				SWIFT_OPTIMIZATION_LEVEL = "-Onone";
			};
			name = Debug;
		};
		646EEADD2AE125ED00E011B9 /* Release */ = {
			isa = XCBuildConfiguration;
			buildSettings = {
				ALWAYS_SEARCH_USER_PATHS = NO;
				ASSETCATALOG_COMPILER_GENERATE_SWIFT_ASSET_SYMBOL_EXTENSIONS = YES;
				CLANG_ANALYZER_NONNULL = YES;
				CLANG_ANALYZER_NUMBER_OBJECT_CONVERSION = YES_AGGRESSIVE;
				CLANG_CXX_LANGUAGE_STANDARD = "gnu++20";
				CLANG_ENABLE_MODULES = YES;
				CLANG_ENABLE_OBJC_ARC = YES;
				CLANG_ENABLE_OBJC_WEAK = YES;
				CLANG_WARN_BLOCK_CAPTURE_AUTORELEASING = YES;
				CLANG_WARN_BOOL_CONVERSION = YES;
				CLANG_WARN_COMMA = YES;
				CLANG_WARN_CONSTANT_CONVERSION = YES;
				CLANG_WARN_DEPRECATED_OBJC_IMPLEMENTATIONS = YES;
				CLANG_WARN_DIRECT_OBJC_ISA_USAGE = YES_ERROR;
				CLANG_WARN_DOCUMENTATION_COMMENTS = YES;
				CLANG_WARN_EMPTY_BODY = YES;
				CLANG_WARN_ENUM_CONVERSION = YES;
				CLANG_WARN_INFINITE_RECURSION = YES;
				CLANG_WARN_INT_CONVERSION = YES;
				CLANG_WARN_NON_LITERAL_NULL_CONVERSION = YES;
				CLANG_WARN_OBJC_IMPLICIT_RETAIN_SELF = YES;
				CLANG_WARN_OBJC_LITERAL_CONVERSION = YES;
				CLANG_WARN_OBJC_ROOT_CLASS = YES_ERROR;
				CLANG_WARN_QUOTED_INCLUDE_IN_FRAMEWORK_HEADER = YES;
				CLANG_WARN_RANGE_LOOP_ANALYSIS = YES;
				CLANG_WARN_STRICT_PROTOTYPES = YES;
				CLANG_WARN_SUSPICIOUS_MOVE = YES;
				CLANG_WARN_UNGUARDED_AVAILABILITY = YES_AGGRESSIVE;
				CLANG_WARN_UNREACHABLE_CODE = YES;
				CLANG_WARN__DUPLICATE_METHOD_MATCH = YES;
				COPY_PHASE_STRIP = NO;
				DEBUG_INFORMATION_FORMAT = "dwarf-with-dsym";
				ENABLE_NS_ASSERTIONS = NO;
				ENABLE_STRICT_OBJC_MSGSEND = YES;
				ENABLE_USER_SCRIPT_SANDBOXING = YES;
				GCC_C_LANGUAGE_STANDARD = gnu17;
				GCC_NO_COMMON_BLOCKS = YES;
				GCC_WARN_64_TO_32_BIT_CONVERSION = YES;
				GCC_WARN_ABOUT_RETURN_TYPE = YES_ERROR;
				GCC_WARN_UNDECLARED_SELECTOR = YES;
				GCC_WARN_UNINITIALIZED_AUTOS = YES_AGGRESSIVE;
				GCC_WARN_UNUSED_FUNCTION = YES;
				GCC_WARN_UNUSED_VARIABLE = YES;
				IPHONEOS_DEPLOYMENT_TARGET = 17.0;
				LOCALIZATION_PREFERS_STRING_CATALOGS = YES;
				MTL_ENABLE_DEBUG_INFO = NO;
				MTL_FAST_MATH = YES;
				SDKROOT = iphoneos;
				SWIFT_COMPILATION_MODE = wholemodule;
				VALIDATE_PRODUCT = YES;
			};
			name = Release;
		};
		646EEADF2AE125ED00E011B9 /* Debug */ = {
			isa = XCBuildConfiguration;
			buildSettings = {
				ASSETCATALOG_COMPILER_APPICON_NAME = AppIcon;
				ASSETCATALOG_COMPILER_GLOBAL_ACCENT_COLOR_NAME = AccentColor;
				CODE_SIGN_STYLE = Automatic;
				CURRENT_PROJECT_VERSION = 1;
				DEVELOPMENT_ASSET_PATHS = "\"UberSwiftUITutorial/Preview Content\"";
				DEVELOPMENT_TEAM = 5KA6J79S24;
				ENABLE_PREVIEWS = YES;
				GENERATE_INFOPLIST_FILE = YES;
				INFOPLIST_KEY_NSLocationWhenInUseUsageDescription = "현재 위치 데이터 사용 권한을 허용해 주세요";
				INFOPLIST_KEY_UIApplicationSceneManifest_Generation = YES;
				INFOPLIST_KEY_UIApplicationSupportsIndirectInputEvents = YES;
				INFOPLIST_KEY_UILaunchScreen_Generation = YES;
				INFOPLIST_KEY_UISupportedInterfaceOrientations_iPad = "UIInterfaceOrientationPortrait UIInterfaceOrientationPortraitUpsideDown UIInterfaceOrientationLandscapeLeft UIInterfaceOrientationLandscapeRight";
				INFOPLIST_KEY_UISupportedInterfaceOrientations_iPhone = "UIInterfaceOrientationPortrait UIInterfaceOrientationLandscapeLeft UIInterfaceOrientationLandscapeRight";
				IPHONEOS_DEPLOYMENT_TARGET = 15.0;
				LD_RUNPATH_SEARCH_PATHS = (
					"$(inherited)",
					"@executable_path/Frameworks",
				);
				MARKETING_VERSION = 1.0;
				PRODUCT_BUNDLE_IDENTIFIER = com.woogie.UberSwiftUITutorial;
				PRODUCT_NAME = "$(TARGET_NAME)";
				SWIFT_EMIT_LOC_STRINGS = YES;
				SWIFT_VERSION = 5.0;
				TARGETED_DEVICE_FAMILY = "1,2";
			};
			name = Debug;
		};
		646EEAE02AE125ED00E011B9 /* Release */ = {
			isa = XCBuildConfiguration;
			buildSettings = {
				ASSETCATALOG_COMPILER_APPICON_NAME = AppIcon;
				ASSETCATALOG_COMPILER_GLOBAL_ACCENT_COLOR_NAME = AccentColor;
				CODE_SIGN_STYLE = Automatic;
				CURRENT_PROJECT_VERSION = 1;
				DEVELOPMENT_ASSET_PATHS = "\"UberSwiftUITutorial/Preview Content\"";
				DEVELOPMENT_TEAM = 5KA6J79S24;
				ENABLE_PREVIEWS = YES;
				GENERATE_INFOPLIST_FILE = YES;
				INFOPLIST_KEY_NSLocationWhenInUseUsageDescription = "현재 위치 데이터 사용 권한을 허용해 주세요";
				INFOPLIST_KEY_UIApplicationSceneManifest_Generation = YES;
				INFOPLIST_KEY_UIApplicationSupportsIndirectInputEvents = YES;
				INFOPLIST_KEY_UILaunchScreen_Generation = YES;
				INFOPLIST_KEY_UISupportedInterfaceOrientations_iPad = "UIInterfaceOrientationPortrait UIInterfaceOrientationPortraitUpsideDown UIInterfaceOrientationLandscapeLeft UIInterfaceOrientationLandscapeRight";
				INFOPLIST_KEY_UISupportedInterfaceOrientations_iPhone = "UIInterfaceOrientationPortrait UIInterfaceOrientationLandscapeLeft UIInterfaceOrientationLandscapeRight";
				IPHONEOS_DEPLOYMENT_TARGET = 15.0;
				LD_RUNPATH_SEARCH_PATHS = (
					"$(inherited)",
					"@executable_path/Frameworks",
				);
				MARKETING_VERSION = 1.0;
				PRODUCT_BUNDLE_IDENTIFIER = com.woogie.UberSwiftUITutorial;
				PRODUCT_NAME = "$(TARGET_NAME)";
				SWIFT_EMIT_LOC_STRINGS = YES;
				SWIFT_VERSION = 5.0;
				TARGETED_DEVICE_FAMILY = "1,2";
			};
			name = Release;
		};
/* End XCBuildConfiguration section */

/* Begin XCConfigurationList section */
		646EEACB2AE125E700E011B9 /* Build configuration list for PBXProject "UberSwiftUITutorial" */ = {
			isa = XCConfigurationList;
			buildConfigurations = (
				646EEADC2AE125ED00E011B9 /* Debug */,
				646EEADD2AE125ED00E011B9 /* Release */,
			);
			defaultConfigurationIsVisible = 0;
			defaultConfigurationName = Release;
		};
		646EEADE2AE125ED00E011B9 /* Build configuration list for PBXNativeTarget "UberSwiftUITutorial" */ = {
			isa = XCConfigurationList;
			buildConfigurations = (
				646EEADF2AE125ED00E011B9 /* Debug */,
				646EEAE02AE125ED00E011B9 /* Release */,
			);
			defaultConfigurationIsVisible = 0;
			defaultConfigurationName = Release;
		};
/* End XCConfigurationList section */
	};
	rootObject = 646EEAC82AE125E700E011B9 /* Project object */;
}
